
Microsoft Visual Studio Solution File, Format Version 12.00
# Visual Studio 14
VisualStudioVersion = 14.0.24720.0
MinimumVisualStudioVersion = 10.0.40219.1
Project("{FAE04EC0-301F-11D3-BF4B-00C04F79EFBC}") = "OP.BLL", "OP.BLL\OP.BLL.csproj", "{A2B5E27C-1D26-4E1C-8A82-159D380E06CE}"
EndProject
Project("{FAE04EC0-301F-11D3-BF4B-00C04F79EFBC}") = "OP.DAL", "OP.DAL\OP.DAL.csproj", "{A0DCE7B1-6F97-4BE6-ACB0-E64185D26C5A}"
EndProject
Project("{2150E333-8FDC-42A3-9474-1A3956D46DE8}") = "显示容器", "显示容器", "{F79ED033-CD44-4DBA-910B-907C7BEEFD14}"
EndProject
Project("{2150E333-8FDC-42A3-9474-1A3956D46DE8}") = "共享组件", "共享组件", "{7F54C631-AB82-4965-9530-02DD397E0986}"
EndProject
Project("{FAE04EC0-301F-11D3-BF4B-00C04F79EFBC}") = "OP.DTO", "OP.DTO\OP.DTO.csproj", "{7D4ECBFD-EDB9-416F-B51A-D966D8EB3418}"
EndProject
Project("{FAE04EC0-301F-11D3-BF4B-00C04F79EFBC}") = "OP.IBLL", "OP.IBLL\OP.IBLL.csproj", "{DFDC7369-161D-419D-91FD-B3253BDC0A38}"
EndProject
Project("{FAE04EC0-301F-11D3-BF4B-00C04F79EFBC}") = "OP.Model", "OP.Model\OP.Model.csproj", "{5C9B95EE-A3BB-4664-BD2A-8749C984EC9A}"
EndProject
Project("{FAE04EC0-301F-11D3-BF4B-00C04F79EFBC}") = "OP.WPFView", "OP.WPFView\OP.WPFView.csproj", "{90FC0E59-853E-43AC-AA05-F9D352CD6CD8}"
EndProject
Project("{FAE04EC0-301F-11D3-BF4B-00C04F79EFBC}") = "OP.WindowsView", "OP.WindowsView\OP.WindowsView.csproj", "{6BD766D6-4BF2-4772-B55B-3B38E801D459}"
EndProject
Project("{FAE04EC0-301F-11D3-BF4B-00C04F79EFBC}") = "OP.MvcView", "OP.MvcView\OP.MvcView.csproj", "{3756E9B9-FC5D-4723-BCBC-EC6AA5F69804}"
EndProject
Project("{2150E333-8FDC-42A3-9474-1A3956D46DE8}") = "通信容器", "通信容器", "{2499AD0D-DE22-4020-8990-B9C1C9C32453}"
EndProject
Project("{FAE04EC0-301F-11D3-BF4B-00C04F79EFBC}") = "OP.WCFService", "OP.WCFService\OP.WCFService.csproj", "{E80DEAB3-9244-4FEB-872A-CF8734D711DF}"
EndProject
Project("{FAE04EC0-301F-11D3-BF4B-00C04F79EFBC}") = "OP.Common", "OP.Common\OP.Common.csproj", "{F692C4DE-BFEF-42EB-99B4-C11372F438A7}"
EndProject
Global
	GlobalSection(SolutionConfigurationPlatforms) = preSolution
		Debug|Any CPU = Debug|Any CPU
		Release|Any CPU = Release|Any CPU
	EndGlobalSection
	GlobalSection(ProjectConfigurationPlatforms) = postSolution
		{A2B5E27C-1D26-4E1C-8A82-159D380E06CE}.Debug|Any CPU.ActiveCfg = Debug|Any CPU
		{A2B5E27C-1D26-4E1C-8A82-159D380E06CE}.Debug|Any CPU.Build.0 = Debug|Any CPU
		{A2B5E27C-1D26-4E1C-8A82-159D380E06CE}.Release|Any CPU.ActiveCfg = Release|Any CPU
		{A2B5E27C-1D26-4E1C-8A82-159D380E06CE}.Release|Any CPU.Build.0 = Release|Any CPU
		{A0DCE7B1-6F97-4BE6-ACB0-E64185D26C5A}.Debug|Any CPU.ActiveCfg = Debug|Any CPU
		{A0DCE7B1-6F97-4BE6-ACB0-E64185D26C5A}.Debug|Any CPU.Build.0 = Debug|Any CPU
		{A0DCE7B1-6F97-4BE6-ACB0-E64185D26C5A}.Release|Any CPU.ActiveCfg = Release|Any CPU
		{A0DCE7B1-6F97-4BE6-ACB0-E64185D26C5A}.Release|Any CPU.Build.0 = Release|Any CPU
		{7D4ECBFD-EDB9-416F-B51A-D966D8EB3418}.Debug|Any CPU.ActiveCfg = Debug|Any CPU
		{7D4ECBFD-EDB9-416F-B51A-D966D8EB3418}.Debug|Any CPU.Build.0 = Debug|Any CPU
		{7D4ECBFD-EDB9-416F-B51A-D966D8EB3418}.Release|Any CPU.ActiveCfg = Release|Any CPU
		{7D4ECBFD-EDB9-416F-B51A-D966D8EB3418}.Release|Any CPU.Build.0 = Release|Any CPU
		{DFDC7369-161D-419D-91FD-B3253BDC0A38}.Debug|Any CPU.ActiveCfg = Debug|Any CPU
		{DFDC7369-161D-419D-91FD-B3253BDC0A38}.Debug|Any CPU.Build.0 = Debug|Any CPU
		{DFDC7369-161D-419D-91FD-B3253BDC0A38}.Release|Any CPU.ActiveCfg = Release|Any CPU
		{DFDC7369-161D-419D-91FD-B3253BDC0A38}.Release|Any CPU.Build.0 = Release|Any CPU
		{5C9B95EE-A3BB-4664-BD2A-8749C984EC9A}.Debug|Any CPU.ActiveCfg = Debug|Any CPU
		{5C9B95EE-A3BB-4664-BD2A-8749C984EC9A}.Debug|Any CPU.Build.0 = Debug|Any CPU
		{5C9B95EE-A3BB-4664-BD2A-8749C984EC9A}.Release|Any CPU.ActiveCfg = Release|Any CPU
		{5C9B95EE-A3BB-4664-BD2A-8749C984EC9A}.Release|Any CPU.Build.0 = Release|Any CPU
		{90FC0E59-853E-43AC-AA05-F9D352CD6CD8}.Debug|Any CPU.ActiveCfg = Debug|Any CPU
		{90FC0E59-853E-43AC-AA05-F9D352CD6CD8}.Debug|Any CPU.Build.0 = Debug|Any CPU
		{90FC0E59-853E-43AC-AA05-F9D352CD6CD8}.Release|Any CPU.ActiveCfg = Release|Any CPU
		{90FC0E59-853E-43AC-AA05-F9D352CD6CD8}.Release|Any CPU.Build.0 = Release|Any CPU
		{6BD766D6-4BF2-4772-B55B-3B38E801D459}.Debug|Any CPU.ActiveCfg = Debug|Any CPU
		{6BD766D6-4BF2-4772-B55B-3B38E801D459}.Debug|Any CPU.Build.0 = Debug|Any CPU
		{6BD766D6-4BF2-4772-B55B-3B38E801D459}.Release|Any CPU.ActiveCfg = Release|Any CPU
		{6BD766D6-4BF2-4772-B55B-3B38E801D459}.Release|Any CPU.Build.0 = Release|Any CPU
		{3756E9B9-FC5D-4723-BCBC-EC6AA5F69804}.Debug|Any CPU.ActiveCfg = Debug|Any CPU
		{3756E9B9-FC5D-4723-BCBC-EC6AA5F69804}.Debug|Any CPU.Build.0 = Debug|Any CPU
		{3756E9B9-FC5D-4723-BCBC-EC6AA5F69804}.Release|Any CPU.ActiveCfg = Release|Any CPU
		{3756E9B9-FC5D-4723-BCBC-EC6AA5F69804}.Release|Any CPU.Build.0 = Release|Any CPU
		{E80DEAB3-9244-4FEB-872A-CF8734D711DF}.Debug|Any CPU.ActiveCfg = Debug|Any CPU
		{E80DEAB3-9244-4FEB-872A-CF8734D711DF}.Debug|Any CPU.Build.0 = Debug|Any CPU
		{E80DEAB3-9244-4FEB-872A-CF8734D711DF}.Release|Any CPU.ActiveCfg = Release|Any CPU
		{E80DEAB3-9244-4FEB-872A-CF8734D711DF}.Release|Any CPU.Build.0 = Release|Any CPU
		{F692C4DE-BFEF-42EB-99B4-C11372F438A7}.Debug|Any CPU.ActiveCfg = Debug|Any CPU
		{F692C4DE-BFEF-42EB-99B4-C11372F438A7}.Debug|Any CPU.Build.0 = Debug|Any CPU
		{F692C4DE-BFEF-42EB-99B4-C11372F438A7}.Release|Any CPU.ActiveCfg = Release|Any CPU
		{F692C4DE-BFEF-42EB-99B4-C11372F438A7}.Release|Any CPU.Build.0 = Release|Any CPU
	EndGlobalSection
	GlobalSection(SolutionProperties) = preSolution
		HideSolutionNode = FALSE
	EndGlobalSection
	GlobalSection(NestedProjects) = preSolution
		{A2B5E27C-1D26-4E1C-8A82-159D380E06CE} = {7F54C631-AB82-4965-9530-02DD397E0986}
		{A0DCE7B1-6F97-4BE6-ACB0-E64185D26C5A} = {7F54C631-AB82-4965-9530-02DD397E0986}
		{7D4ECBFD-EDB9-416F-B51A-D966D8EB3418} = {7F54C631-AB82-4965-9530-02DD397E0986}
		{DFDC7369-161D-419D-91FD-B3253BDC0A38} = {7F54C631-AB82-4965-9530-02DD397E0986}
		{5C9B95EE-A3BB-4664-BD2A-8749C984EC9A} = {7F54C631-AB82-4965-9530-02DD397E0986}
		{90FC0E59-853E-43AC-AA05-F9D352CD6CD8} = {F79ED033-CD44-4DBA-910B-907C7BEEFD14}
		{6BD766D6-4BF2-4772-B55B-3B38E801D459} = {F79ED033-CD44-4DBA-910B-907C7BEEFD14}
		{3756E9B9-FC5D-4723-BCBC-EC6AA5F69804} = {F79ED033-CD44-4DBA-910B-907C7BEEFD14}
		{E80DEAB3-9244-4FEB-872A-CF8734D711DF} = {2499AD0D-DE22-4020-8990-B9C1C9C32453}
		{F692C4DE-BFEF-42EB-99B4-C11372F438A7} = {7F54C631-AB82-4965-9530-02DD397E0986}
	EndGlobalSection
EndGlobal
